
Microsoft Visual Studio Solution File, Format Version 11.00
# Visual Studio 2010
Project("{FAE04EC0-301F-11D3-BF4B-00C04F79EFBC}") = "AuthenticationModule", "AuthenticationModule\AuthenticationModule.csproj", "{1FC83A0B-1A1A-499E-A624-FBE5E8B30F9A}"
EndProject
Global
	GlobalSection(SolutionConfigurationPlatforms) = preSolution
		Debug|Any CPU = Debug|Any CPU
		Release|Any CPU = Release|Any CPU
	EndGlobalSection
	GlobalSection(ProjectConfigurationPlatforms) = postSolution
		{1FC83A0B-1A1A-499E-A624-FBE5E8B30F9A}.Debug|Any CPU.ActiveCfg = Debug|Any CPU
		{1FC83A0B-1A1A-499E-A624-FBE5E8B30F9A}.Debug|Any CPU.Build.0 = Debug|Any CPU
		{1FC83A0B-1A1A-499E-A624-FBE5E8B30F9A}.Release|Any CPU.ActiveCfg = Release|Any CPU
		{1FC83A0B-1A1A-499E-A624-FBE5E8B30F9A}.Release|Any CPU.Build.0 = Release|Any CPU
	EndGlobalSection
	GlobalSection(SolutionProperties) = preSolution
		HideSolutionNode = FALSE
	EndGlobalSection
EndGlobal
